
Microsoft Visual Studio Solution File, Format Version 12.00
# Visual Studio Version 16
VisualStudioVersion = 16.0.31019.35
MinimumVisualStudioVersion = 10.0.40219.1
Project("{FAE04EC0-301F-11D3-BF4B-00C04F79EFBC}") = "SocialApp", "SocialApp.csproj", "{DABF1DAF-7B4F-4F7E-8873-861AF4514EF4}"
EndProject
Global
	GlobalSection(SolutionConfigurationPlatforms) = preSolution
		Debug|Any CPU = Debug|Any CPU
		Release|Any CPU = Release|Any CPU
	EndGlobalSection
	GlobalSection(ProjectConfigurationPlatforms) = postSolution
		{DABF1DAF-7B4F-4F7E-8873-861AF4514EF4}.Debug|Any CPU.ActiveCfg = Debug|Any CPU
		{DABF1DAF-7B4F-4F7E-8873-861AF4514EF4}.Debug|Any CPU.Build.0 = Debug|Any CPU
		{DABF1DAF-7B4F-4F7E-8873-861AF4514EF4}.Release|Any CPU.ActiveCfg = Release|Any CPU
		{DABF1DAF-7B4F-4F7E-8873-861AF4514EF4}.Release|Any CPU.Build.0 = Release|Any CPU
	EndGlobalSection
	GlobalSection(SolutionProperties) = preSolution
		HideSolutionNode = FALSE
	EndGlobalSection
	GlobalSection(ExtensibilityGlobals) = postSolution
		SolutionGuid = {BB3E6714-022E-4428-83E9-7CEC8C61B6A2}
	EndGlobalSection
EndGlobal
