
Microsoft Visual Studio Solution File, Format Version 12.00
# Visual Studio Version 16
VisualStudioVersion = 16.0.31019.35
MinimumVisualStudioVersion = 10.0.40219.1
Project("{9A19103F-16F7-4668-BE54-9A1E7A4F7556}") = "SocialApp", "SocialApp.csproj", "{DABF1DAF-7B4F-4F7E-8873-861AF4514EF4}"
EndProject
Project("{9A19103F-16F7-4668-BE54-9A1E7A4F7556}") = "Interfaces", "Interfaces\Interfaces.csproj", "{5A1350DA-7D19-430E-9467-653510948F76}"
EndProject
Project("{9A19103F-16F7-4668-BE54-9A1E7A4F7556}") = "Models", "Models\Models.csproj", "{C9E3495C-2B89-4661-AC1E-74C9EDDEE96B}"
EndProject
Project("{9A19103F-16F7-4668-BE54-9A1E7A4F7556}") = "Controllers", "Controllers\Controllers.csproj", "{F29784E9-9CC2-49C7-BEE1-267BCF6AB982}"
EndProject
Project("{9A19103F-16F7-4668-BE54-9A1E7A4F7556}") = "DatabaseManager", "DatabaseManager\DatabaseManager.csproj", "{051FACF5-8E73-4499-B49E-2ECD0A0F0E1F}"
EndProject
Project("{9A19103F-16F7-4668-BE54-9A1E7A4F7556}") = "Commons", "Commons\Commons.csproj", "{FA6E1A91-5890-4280-9536-C13785C8ACCA}"
EndProject
Project("{9A19103F-16F7-4668-BE54-9A1E7A4F7556}") = "ConsoleAppTest", "ConsoleAppTest\ConsoleAppTest.csproj", "{1716856A-7A4E-405E-964D-460741DD926B}"
EndProject
Project("{FAE04EC0-301F-11D3-BF4B-00C04F79EFBC}") = "Services", "Services\Services.csproj", "{89F6354D-5F76-4358-B564-9806982D70E9}"
EndProject
Global
	GlobalSection(SolutionConfigurationPlatforms) = preSolution
		Debug|Any CPU = Debug|Any CPU
		Release|Any CPU = Release|Any CPU
	EndGlobalSection
	GlobalSection(ProjectConfigurationPlatforms) = postSolution
		{DABF1DAF-7B4F-4F7E-8873-861AF4514EF4}.Debug|Any CPU.ActiveCfg = Debug|Any CPU
		{DABF1DAF-7B4F-4F7E-8873-861AF4514EF4}.Debug|Any CPU.Build.0 = Debug|Any CPU
		{DABF1DAF-7B4F-4F7E-8873-861AF4514EF4}.Release|Any CPU.ActiveCfg = Release|Any CPU
		{DABF1DAF-7B4F-4F7E-8873-861AF4514EF4}.Release|Any CPU.Build.0 = Release|Any CPU
		{5A1350DA-7D19-430E-9467-653510948F76}.Debug|Any CPU.ActiveCfg = Debug|Any CPU
		{5A1350DA-7D19-430E-9467-653510948F76}.Debug|Any CPU.Build.0 = Debug|Any CPU
		{5A1350DA-7D19-430E-9467-653510948F76}.Release|Any CPU.ActiveCfg = Release|Any CPU
		{5A1350DA-7D19-430E-9467-653510948F76}.Release|Any CPU.Build.0 = Release|Any CPU
		{C9E3495C-2B89-4661-AC1E-74C9EDDEE96B}.Debug|Any CPU.ActiveCfg = Debug|Any CPU
		{C9E3495C-2B89-4661-AC1E-74C9EDDEE96B}.Debug|Any CPU.Build.0 = Debug|Any CPU
		{C9E3495C-2B89-4661-AC1E-74C9EDDEE96B}.Release|Any CPU.ActiveCfg = Release|Any CPU
		{C9E3495C-2B89-4661-AC1E-74C9EDDEE96B}.Release|Any CPU.Build.0 = Release|Any CPU
		{F29784E9-9CC2-49C7-BEE1-267BCF6AB982}.Debug|Any CPU.ActiveCfg = Debug|Any CPU
		{F29784E9-9CC2-49C7-BEE1-267BCF6AB982}.Debug|Any CPU.Build.0 = Debug|Any CPU
		{F29784E9-9CC2-49C7-BEE1-267BCF6AB982}.Release|Any CPU.ActiveCfg = Release|Any CPU
		{F29784E9-9CC2-49C7-BEE1-267BCF6AB982}.Release|Any CPU.Build.0 = Release|Any CPU
		{051FACF5-8E73-4499-B49E-2ECD0A0F0E1F}.Debug|Any CPU.ActiveCfg = Debug|Any CPU
		{051FACF5-8E73-4499-B49E-2ECD0A0F0E1F}.Debug|Any CPU.Build.0 = Debug|Any CPU
		{051FACF5-8E73-4499-B49E-2ECD0A0F0E1F}.Release|Any CPU.ActiveCfg = Release|Any CPU
		{051FACF5-8E73-4499-B49E-2ECD0A0F0E1F}.Release|Any CPU.Build.0 = Release|Any CPU
		{FA6E1A91-5890-4280-9536-C13785C8ACCA}.Debug|Any CPU.ActiveCfg = Debug|Any CPU
		{FA6E1A91-5890-4280-9536-C13785C8ACCA}.Debug|Any CPU.Build.0 = Debug|Any CPU
		{FA6E1A91-5890-4280-9536-C13785C8ACCA}.Release|Any CPU.ActiveCfg = Release|Any CPU
		{FA6E1A91-5890-4280-9536-C13785C8ACCA}.Release|Any CPU.Build.0 = Release|Any CPU
		{1716856A-7A4E-405E-964D-460741DD926B}.Debug|Any CPU.ActiveCfg = Debug|Any CPU
		{1716856A-7A4E-405E-964D-460741DD926B}.Debug|Any CPU.Build.0 = Debug|Any CPU
		{1716856A-7A4E-405E-964D-460741DD926B}.Release|Any CPU.ActiveCfg = Release|Any CPU
		{1716856A-7A4E-405E-964D-460741DD926B}.Release|Any CPU.Build.0 = Release|Any CPU
		{89F6354D-5F76-4358-B564-9806982D70E9}.Debug|Any CPU.ActiveCfg = Debug|Any CPU
		{89F6354D-5F76-4358-B564-9806982D70E9}.Debug|Any CPU.Build.0 = Debug|Any CPU
		{89F6354D-5F76-4358-B564-9806982D70E9}.Release|Any CPU.ActiveCfg = Release|Any CPU
		{89F6354D-5F76-4358-B564-9806982D70E9}.Release|Any CPU.Build.0 = Release|Any CPU
	EndGlobalSection
	GlobalSection(SolutionProperties) = preSolution
		HideSolutionNode = FALSE
	EndGlobalSection
	GlobalSection(ExtensibilityGlobals) = postSolution
		SolutionGuid = {BB3E6714-022E-4428-83E9-7CEC8C61B6A2}
	EndGlobalSection
EndGlobal
